<?xml version="1.0" encoding="UTF-8"?>
<Scheme
   LastUpgradeVersion = "1000"
   version = "1.3">
   <BuildAction
      parallelizeBuildables = "YES"
      buildImplicitDependencies = "YES">
      <BuildActionEntries>
         <BuildActionEntry
            buildForTesting = "YES"
            buildForRunning = "YES"
            buildForProfiling = "YES"
            buildForArchiving = "YES"
            buildForAnalyzing = "YES">
            <BuildableReference
               BuildableIdentifier = "primary"
               BlueprintIdentifier = "9C35EC2E219354EB00FD4FE8"
               BuildableName = "ffplay"
               BlueprintName = "ffplay"
               ReferencedContainer = "container:FFmpeg.xcodeproj">
            </BuildableReference>
         </BuildActionEntry>
      </BuildActionEntries>
   </BuildAction>
   <TestAction
      buildConfiguration = "Debug"
      selectedDebuggerIdentifier = "Xcode.DebuggerFoundation.Debugger.LLDB"
      selectedLauncherIdentifier = "Xcode.DebuggerFoundation.Launcher.LLDB"
      shouldUseLaunchSchemeArgsEnv = "YES">
      <MacroExpansion>
         <BuildableReference
            BuildableIdentifier = "primary"
            BlueprintIdentifier = "9C35EC2E219354EB00FD4FE8"
            BuildableName = "ffplay"
            BlueprintName = "ffplay"
            ReferencedContainer = "container:FFmpeg.xcodeproj">
         </BuildableReference>
      </MacroExpansion>
      <Testables>
      </Testables>
   </TestAction>
   <LaunchAction
      buildConfiguration = "Debug"
      selectedDebuggerIdentifier = "Xcode.DebuggerFoundation.Debugger.LLDB"
      selectedLauncherIdentifier = "Xcode.DebuggerFoundation.Launcher.LLDB"
      launchStyle = "0"
      useCustomWorkingDirectory = "NO"
      ignoresPersistentStateOnLaunch = "NO"
      debugDocumentVersioning = "YES"
      debugServiceExtension = "internal"
      allowLocationSimulation = "YES">
      <BuildableProductRunnable
         runnableDebuggingMode = "0">
         <BuildableReference
            BuildableIdentifier = "primary"
            BlueprintIdentifier = "9C35EC2E219354EB00FD4FE8"
            BuildableName = "ffplay"
            BlueprintName = "ffplay"
            ReferencedContainer = "container:FFmpeg.xcodeproj">
         </BuildableReference>
      </BuildableProductRunnable>
      <CommandLineArguments>
         <CommandLineArgument
            argument = "-i http://aliyun-flv-ipv6.yy.com/live/15013_xv_54880976_54880976_0_10_0-15013_xa_54880976_54880976_0_10_0-0-0-1-15370423-16-1611224114130554.flv?codec=orig&amp;appid=15013&amp;secret=b0ec360cdfce699ad2301f96b11bc7b3&amp;t=1611311173&amp;r=enter&amp;playeruid=2104999663"
            isEnabled = "NO">
         </CommandLineArgument>
         <CommandLineArgument
            argument = "http://zhuikanvideo.bs2dl.yy.com/dmJkMzdlOTBhNjY1MTUwOTIwN2MzNzMxZTlmYzkwMDFkMTk0MDM0NzkyODFtYw"
            isEnabled = "YES">
         </CommandLineArgument>
         <CommandLineArgument
            argument = "-i http://record-vod.huanjuyun.com/xcrs/15012_1759938386_75193930_1610371433828.m3u8"
            isEnabled = "NO">
         </CommandLineArgument>
         <CommandLineArgument
            argument = "-i /Users/wushun/Desktop/&#x6d4b;&#x8bd5;&#x97f3;&#x89c6;&#x9891;&#x8d44;&#x6e90;/test2.mp4"
            isEnabled = "NO">
         </CommandLineArgument>
      </CommandLineArguments>
   </LaunchAction>
   <ProfileAction
      buildConfiguration = "Release"
      shouldUseLaunchSchemeArgsEnv = "YES"
      savedToolIdentifier = ""
      useCustomWorkingDirectory = "NO"
      debugDocumentVersioning = "YES">
      <BuildableProductRunnable
         runnableDebuggingMode = "0">
         <BuildableReference
            BuildableIdentifier = "primary"
            BlueprintIdentifier = "9C35EC2E219354EB00FD4FE8"
            BuildableName = "ffplay"
            BlueprintName = "ffplay"
            ReferencedContainer = "container:FFmpeg.xcodeproj">
         </BuildableReference>
      </BuildableProductRunnable>
   </ProfileAction>
   <AnalyzeAction
      buildConfiguration = "Debug">
   </AnalyzeAction>
   <ArchiveAction
      buildConfiguration = "Release"
      revealArchiveInOrganizer = "YES">
   </ArchiveAction>
</Scheme>
